
Microsoft Visual Studio Solution File, Format Version 12.00
# Visual Studio Version 17
VisualStudioVersion = 17.7.34024.191
MinimumVisualStudioVersion = 10.0.40219.1
Project("{8BC9CEB8-8B4A-11D0-8D11-00A0C91BC942}") = "Nested_for_loop", "Nested_for_loop\Nested_for_loop.vcxproj", "{BDA58F0F-8BCC-4C0F-8C12-BC2CCF1CCC70}"
EndProject
Global
	GlobalSection(SolutionConfigurationPlatforms) = preSolution
		Debug|x64 = Debug|x64
		Debug|x86 = Debug|x86
		Release|x64 = Release|x64
		Release|x86 = Release|x86
	EndGlobalSection
	GlobalSection(ProjectConfigurationPlatforms) = postSolution
		{BDA58F0F-8BCC-4C0F-8C12-BC2CCF1CCC70}.Debug|x64.ActiveCfg = Debug|x64
		{BDA58F0F-8BCC-4C0F-8C12-BC2CCF1CCC70}.Debug|x64.Build.0 = Debug|x64
		{BDA58F0F-8BCC-4C0F-8C12-BC2CCF1CCC70}.Debug|x86.ActiveCfg = Debug|Win32
		{BDA58F0F-8BCC-4C0F-8C12-BC2CCF1CCC70}.Debug|x86.Build.0 = Debug|Win32
		{BDA58F0F-8BCC-4C0F-8C12-BC2CCF1CCC70}.Release|x64.ActiveCfg = Release|x64
		{BDA58F0F-8BCC-4C0F-8C12-BC2CCF1CCC70}.Release|x64.Build.0 = Release|x64
		{BDA58F0F-8BCC-4C0F-8C12-BC2CCF1CCC70}.Release|x86.ActiveCfg = Release|Win32
		{BDA58F0F-8BCC-4C0F-8C12-BC2CCF1CCC70}.Release|x86.Build.0 = Release|Win32
	EndGlobalSection
	GlobalSection(SolutionProperties) = preSolution
		HideSolutionNode = FALSE
	EndGlobalSection
	GlobalSection(ExtensibilityGlobals) = postSolution
		SolutionGuid = {D44F2E3A-01F7-447E-B800-0840F97C659D}
	EndGlobalSection
EndGlobal
